
Microsoft Visual Studio Solution File, Format Version 12.00
# Visual Studio Version 17
VisualStudioVersion = 17.7.34031.279
MinimumVisualStudioVersion = 10.0.40219.1
Project("{FAE04EC0-301F-11D3-BF4B-00C04F79EFBC}") = "MeuSitemMVC", "MeuSitemMVC\MeuSitemMVC.csproj", "{A9BC3462-2EDE-4B05-A750-A0DCC8414F32}"
EndProject
Global
	GlobalSection(SolutionConfigurationPlatforms) = preSolution
		Debug|Any CPU = Debug|Any CPU
		Release|Any CPU = Release|Any CPU
	EndGlobalSection
	GlobalSection(ProjectConfigurationPlatforms) = postSolution
		{A9BC3462-2EDE-4B05-A750-A0DCC8414F32}.Debug|Any CPU.ActiveCfg = Debug|Any CPU
		{A9BC3462-2EDE-4B05-A750-A0DCC8414F32}.Debug|Any CPU.Build.0 = Debug|Any CPU
		{A9BC3462-2EDE-4B05-A750-A0DCC8414F32}.Release|Any CPU.ActiveCfg = Release|Any CPU
		{A9BC3462-2EDE-4B05-A750-A0DCC8414F32}.Release|Any CPU.Build.0 = Release|Any CPU
	EndGlobalSection
	GlobalSection(SolutionProperties) = preSolution
		HideSolutionNode = FALSE
	EndGlobalSection
	GlobalSection(ExtensibilityGlobals) = postSolution
		SolutionGuid = {3A5219F6-9EDE-4A3E-A000-054D2E7E51C6}
	EndGlobalSection
EndGlobal
